
Microsoft Visual Studio Solution File, Format Version 12.00
# Visual Studio 15
VisualStudioVersion = 15.0.27004.2005
MinimumVisualStudioVersion = 10.0.40219.1
Project("{FAE04EC0-301F-11D3-BF4B-00C04F79EFBC}") = "IniFileParser", "IniFileParser\IniFileParser.csproj", "{0311B521-8503-4334-AC78-EAAC492A45AE}"
EndProject
Global
	GlobalSection(SolutionConfigurationPlatforms) = preSolution
		Debug|Any CPU = Debug|Any CPU
		Release|Any CPU = Release|Any CPU
	EndGlobalSection
	GlobalSection(ProjectConfigurationPlatforms) = postSolution
		{0311B521-8503-4334-AC78-EAAC492A45AE}.Debug|Any CPU.ActiveCfg = Debug|Any CPU
		{0311B521-8503-4334-AC78-EAAC492A45AE}.Debug|Any CPU.Build.0 = Debug|Any CPU
		{0311B521-8503-4334-AC78-EAAC492A45AE}.Release|Any CPU.ActiveCfg = Release|Any CPU
		{0311B521-8503-4334-AC78-EAAC492A45AE}.Release|Any CPU.Build.0 = Release|Any CPU
	EndGlobalSection
	GlobalSection(SolutionProperties) = preSolution
		HideSolutionNode = FALSE
	EndGlobalSection
	GlobalSection(ExtensibilityGlobals) = postSolution
		SolutionGuid = {42454E0F-E4D0-478F-93E8-C4E67F3893F4}
	EndGlobalSection
EndGlobal
